// !$*UTF8*$!
{
	archiveVersion = 1;
	classes = {
	};
	objectVersion = 51;
	objects = {

/* Begin PBXBuildFile section */
		292BEEF6257B95BD00C5A404 /* AppDelegate.swift in Sources */ = {isa = PBXBuildFile; fileRef = 292BEEF5257B95BD00C5A404 /* AppDelegate.swift */; };
		292BEEF8257B95BD00C5A404 /* SceneDelegate.swift in Sources */ = {isa = PBXBuildFile; fileRef = 292BEEF7257B95BD00C5A404 /* SceneDelegate.swift */; };
		292BEEFA257B95BD00C5A404 /* TodoListViewController.swift in Sources */ = {isa = PBXBuildFile; fileRef = 292BEEF9257B95BD00C5A404 /* TodoListViewController.swift */; };
		292BEEFD257B95BE00C5A404 /* Main.storyboard in Resources */ = {isa = PBXBuildFile; fileRef = 292BEEFB257B95BE00C5A404 /* Main.storyboard */; };
		292BEF00257B95BE00C5A404 /* ToDoList.xcdatamodeld in Sources */ = {isa = PBXBuildFile; fileRef = 292BEEFE257B95BE00C5A404 /* ToDoList.xcdatamodeld */; };
		292BEF02257B95CF00C5A404 /* Assets.xcassets in Resources */ = {isa = PBXBuildFile; fileRef = 292BEF01257B95CF00C5A404 /* Assets.xcassets */; };
		292BEF05257B95CF00C5A404 /* LaunchScreen.storyboard in Resources */ = {isa = PBXBuildFile; fileRef = 292BEF03257B95CF00C5A404 /* LaunchScreen.storyboard */; };
		29CF1E58257F7AFC00969960 /* CategoryViewController.swift in Sources */ = {isa = PBXBuildFile; fileRef = 29CF1E57257F7AFB00969960 /* CategoryViewController.swift */; };
		D8676FC55596893C6E1BC647 /* Pods_ToDoList.framework in Frameworks */ = {isa = PBXBuildFile; fileRef = 3CCD581DF52E4AFE01F541C7 /* Pods_ToDoList.framework */; };
/* End PBXBuildFile section */

/* Begin PBXFileReference section */
		292BEEF2257B95BC00C5A404 /* ToDoList.app */ = {isa = PBXFileReference; explicitFileType = wrapper.application; includeInIndex = 0; path = ToDoList.app; sourceTree = BUILT_PRODUCTS_DIR; };
		292BEEF5257B95BD00C5A404 /* AppDelegate.swift */ = {isa = PBXFileReference; lastKnownFileType = sourcecode.swift; path = AppDelegate.swift; sourceTree = "<group>"; };
		292BEEF7257B95BD00C5A404 /* SceneDelegate.swift */ = {isa = PBXFileReference; lastKnownFileType = sourcecode.swift; path = SceneDelegate.swift; sourceTree = "<group>"; };
		292BEEF9257B95BD00C5A404 /* TodoListViewController.swift */ = {isa = PBXFileReference; lastKnownFileType = sourcecode.swift; path = TodoListViewController.swift; sourceTree = "<group>"; };
		292BEEFC257B95BE00C5A404 /* Base */ = {isa = PBXFileReference; lastKnownFileType = file.storyboard; name = Base; path = Base.lproj/Main.storyboard; sourceTree = "<group>"; };
		292BEEFF257B95BE00C5A404 /* ToDoList.xcdatamodel */ = {isa = PBXFileReference; lastKnownFileType = wrapper.xcdatamodel; path = ToDoList.xcdatamodel; sourceTree = "<group>"; };
		292BEF01257B95CF00C5A404 /* Assets.xcassets */ = {isa = PBXFileReference; lastKnownFileType = folder.assetcatalog; path = Assets.xcassets; sourceTree = "<group>"; };
		292BEF04257B95CF00C5A404 /* Base */ = {isa = PBXFileReference; lastKnownFileType = file.storyboard; name = Base; path = Base.lproj/LaunchScreen.storyboard; sourceTree = "<group>"; };
		292BEF06257B95CF00C5A404 /* Info.plist */ = {isa = PBXFileReference; lastKnownFileType = text.plist.xml; path = Info.plist; sourceTree = "<group>"; };
		29CF1E57257F7AFB00969960 /* CategoryViewController.swift */ = {isa = PBXFileReference; lastKnownFileType = sourcecode.swift; path = CategoryViewController.swift; sourceTree = "<group>"; };
		3CCD581DF52E4AFE01F541C7 /* Pods_ToDoList.framework */ = {isa = PBXFileReference; explicitFileType = wrapper.framework; includeInIndex = 0; path = Pods_ToDoList.framework; sourceTree = BUILT_PRODUCTS_DIR; };
		3D452A9553C127101E720638 /* Pods-ToDoList.release.xcconfig */ = {isa = PBXFileReference; includeInIndex = 1; lastKnownFileType = text.xcconfig; name = "Pods-ToDoList.release.xcconfig"; path = "Target Support Files/Pods-ToDoList/Pods-ToDoList.release.xcconfig"; sourceTree = "<group>"; };
		9FCDC54EA969D5DB435DFA10 /* Pods-ToDoList.debug.xcconfig */ = {isa = PBXFileReference; includeInIndex = 1; lastKnownFileType = text.xcconfig; name = "Pods-ToDoList.debug.xcconfig"; path = "Target Support Files/Pods-ToDoList/Pods-ToDoList.debug.xcconfig"; sourceTree = "<group>"; };
/* End PBXFileReference section */

/* Begin PBXFrameworksBuildPhase section */
		292BEEEF257B95BC00C5A404 /* Frameworks */ = {
			isa = PBXFrameworksBuildPhase;
			buildActionMask = 2147483647;
			files = (
				D8676FC55596893C6E1BC647 /* Pods_ToDoList.framework in Frameworks */,
			);
			runOnlyForDeploymentPostprocessing = 0;
		};
/* End PBXFrameworksBuildPhase section */

/* Begin PBXGroup section */
		29031A7E257D565200C83CFD /* Data Model */ = {
			isa = PBXGroup;
			children = (
				292BEEFE257B95BE00C5A404 /* ToDoList.xcdatamodeld */,
			);
			path = "Data Model";
			sourceTree = "<group>";
		};
		29031A7F257D568500C83CFD /* Controllers */ = {
			isa = PBXGroup;
			children = (
				292BEEF9257B95BD00C5A404 /* TodoListViewController.swift */,
				29CF1E57257F7AFB00969960 /* CategoryViewController.swift */,
			);
			path = Controllers;
			sourceTree = "<group>";
		};
		29031A80257D56C500C83CFD /* Views */ = {
			isa = PBXGroup;
			children = (
				292BEEFB257B95BE00C5A404 /* Main.storyboard */,
			);
			path = Views;
			sourceTree = "<group>";
		};
		29031A83257D56E900C83CFD /* Supporting files */ = {
			isa = PBXGroup;
			children = (
				292BEF01257B95CF00C5A404 /* Assets.xcassets */,
				292BEF03257B95CF00C5A404 /* LaunchScreen.storyboard */,
			);
			path = "Supporting files";
			sourceTree = "<group>";
		};
		292BEEE9257B95BB00C5A404 = {
			isa = PBXGroup;
			children = (
				292BEEF4257B95BC00C5A404 /* ToDoList */,
				292BEEF3257B95BC00C5A404 /* Products */,
				AD835FE7175CEE7A6E7E81C7 /* Pods */,
				A6074937BE7C9AED55A91D83 /* Frameworks */,
			);
			sourceTree = "<group>";
		};
		292BEEF3257B95BC00C5A404 /* Products */ = {
			isa = PBXGroup;
			children = (
				292BEEF2257B95BC00C5A404 /* ToDoList.app */,
			);
			name = Products;
			sourceTree = "<group>";
		};
		292BEEF4257B95BC00C5A404 /* ToDoList */ = {
			isa = PBXGroup;
			children = (
				292BEEF5257B95BD00C5A404 /* AppDelegate.swift */,
				292BEEF7257B95BD00C5A404 /* SceneDelegate.swift */,
				29031A7F257D568500C83CFD /* Controllers */,
				29031A7E257D565200C83CFD /* Data Model */,
				29031A80257D56C500C83CFD /* Views */,
				29031A83257D56E900C83CFD /* Supporting files */,
				292BEF06257B95CF00C5A404 /* Info.plist */,
			);
			path = ToDoList;
			sourceTree = "<group>";
		};
		A6074937BE7C9AED55A91D83 /* Frameworks */ = {
			isa = PBXGroup;
			children = (
				3CCD581DF52E4AFE01F541C7 /* Pods_ToDoList.framework */,
			);
			name = Frameworks;
			sourceTree = "<group>";
		};
		AD835FE7175CEE7A6E7E81C7 /* Pods */ = {
			isa = PBXGroup;
			children = (
				9FCDC54EA969D5DB435DFA10 /* Pods-ToDoList.debug.xcconfig */,
				3D452A9553C127101E720638 /* Pods-ToDoList.release.xcconfig */,
			);
			path = Pods;
			sourceTree = "<group>";
		};
/* End PBXGroup section */

/* Begin PBXNativeTarget section */
		292BEEF1257B95BC00C5A404 /* ToDoList */ = {
			isa = PBXNativeTarget;
			buildConfigurationList = 292BEF09257B95CF00C5A404 /* Build configuration list for PBXNativeTarget "ToDoList" */;
			buildPhases = (
				59ECCEC888FCC403BC4F2BE5 /* [CP] Check Pods Manifest.lock */,
				292BEEEE257B95BC00C5A404 /* Sources */,
				292BEEEF257B95BC00C5A404 /* Frameworks */,
				292BEEF0257B95BC00C5A404 /* Resources */,
				2E5F0D4F34F1CF9B4F1D27B9 /* [CP] Embed Pods Frameworks */,
			);
			buildRules = (
			);
			dependencies = (
			);
			name = ToDoList;
			productName = ToDoList;
			productReference = 292BEEF2257B95BC00C5A404 /* ToDoList.app */;
			productType = "com.apple.product-type.application";
		};
/* End PBXNativeTarget section */

/* Begin PBXProject section */
		292BEEEA257B95BB00C5A404 /* Project object */ = {
			isa = PBXProject;
			attributes = {
				LastSwiftUpdateCheck = 1220;
				LastUpgradeCheck = 1220;
				TargetAttributes = {
					292BEEF1257B95BC00C5A404 = {
						CreatedOnToolsVersion = 12.2;
					};
				};
			};
			buildConfigurationList = 292BEEED257B95BB00C5A404 /* Build configuration list for PBXProject "ToDoList" */;
			compatibilityVersion = "Xcode 9.3";
			developmentRegion = en;
			hasScannedForEncodings = 0;
			knownRegions = (
				en,
				Base,
			);
			mainGroup = 292BEEE9257B95BB00C5A404;
			productRefGroup = 292BEEF3257B95BC00C5A404 /* Products */;
			projectDirPath = "";
			projectRoot = "";
			targets = (
				292BEEF1257B95BC00C5A404 /* ToDoList */,
			);
		};
/* End PBXProject section */

/* Begin PBXResourcesBuildPhase section */
		292BEEF0257B95BC00C5A404 /* Resources */ = {
			isa = PBXResourcesBuildPhase;
			buildActionMask = 2147483647;
			files = (
				292BEF05257B95CF00C5A404 /* LaunchScreen.storyboard in Resources */,
				292BEF02257B95CF00C5A404 /* Assets.xcassets in Resources */,
				292BEEFD257B95BE00C5A404 /* Main.storyboard in Resources */,
			);
			runOnlyForDeploymentPostprocessing = 0;
		};
/* End PBXResourcesBuildPhase section */

/* Begin PBXShellScriptBuildPhase section */
		2E5F0D4F34F1CF9B4F1D27B9 /* [CP] Embed Pods Frameworks */ = {
			isa = PBXShellScriptBuildPhase;
			buildActionMask = 2147483647;
			files = (
			);
			inputFileListPaths = (
				"${PODS_ROOT}/Target Support Files/Pods-ToDoList/Pods-ToDoList-frameworks-${CONFIGURATION}-input-files.xcfilelist",
			);
			name = "[CP] Embed Pods Frameworks";
			outputFileListPaths = (
				"${PODS_ROOT}/Target Support Files/Pods-ToDoList/Pods-ToDoList-frameworks-${CONFIGURATION}-output-files.xcfilelist",
			);
			runOnlyForDeploymentPostprocessing = 0;
			shellPath = /bin/sh;
			shellScript = "\"${PODS_ROOT}/Target Support Files/Pods-ToDoList/Pods-ToDoList-frameworks.sh\"\n";
			showEnvVarsInLog = 0;
		};
		59ECCEC888FCC403BC4F2BE5 /* [CP] Check Pods Manifest.lock */ = {
			isa = PBXShellScriptBuildPhase;
			buildActionMask = 2147483647;
			files = (
			);
			inputFileListPaths = (
			);
			inputPaths = (
				"${PODS_PODFILE_DIR_PATH}/Podfile.lock",
				"${PODS_ROOT}/Manifest.lock",
			);
			name = "[CP] Check Pods Manifest.lock";
			outputFileListPaths = (
			);
			outputPaths = (
				"$(DERIVED_FILE_DIR)/Pods-ToDoList-checkManifestLockResult.txt",
			);
			runOnlyForDeploymentPostprocessing = 0;
			shellPath = /bin/sh;
			shellScript = "diff \"${PODS_PODFILE_DIR_PATH}/Podfile.lock\" \"${PODS_ROOT}/Manifest.lock\" > /dev/null\nif [ $? != 0 ] ; then\n    # print error to STDERR\n    echo \"error: The sandbox is not in sync with the Podfile.lock. Run 'pod install' or update your CocoaPods installation.\" >&2\n    exit 1\nfi\n# This output is used by Xcode 'outputs' to avoid re-running this script phase.\necho \"SUCCESS\" > \"${SCRIPT_OUTPUT_FILE_0}\"\n";
			showEnvVarsInLog = 0;
		};
/* End PBXShellScriptBuildPhase section */

/* Begin PBXSourcesBuildPhase section */
		292BEEEE257B95BC00C5A404 /* Sources */ = {
			isa = PBXSourcesBuildPhase;
			buildActionMask = 2147483647;
			files = (
				29CF1E58257F7AFC00969960 /* CategoryViewController.swift in Sources */,
				292BEEFA257B95BD00C5A404 /* TodoListViewController.swift in Sources */,
				292BEEF6257B95BD00C5A404 /* AppDelegate.swift in Sources */,
				292BEEF8257B95BD00C5A404 /* SceneDelegate.swift in Sources */,
				292BEF00257B95BE00C5A404 /* ToDoList.xcdatamodeld in Sources */,
			);
			runOnlyForDeploymentPostprocessing = 0;
		};
/* End PBXSourcesBuildPhase section */

/* Begin PBXVariantGroup section */
		292BEEFB257B95BE00C5A404 /* Main.storyboard */ = {
			isa = PBXVariantGroup;
			children = (
				292BEEFC257B95BE00C5A404 /* Base */,
			);
			name = Main.storyboard;
			sourceTree = "<group>";
		};
		292BEF03257B95CF00C5A404 /* LaunchScreen.storyboard */ = {
			isa = PBXVariantGroup;
			children = (
				292BEF04257B95CF00C5A404 /* Base */,
			);
			name = LaunchScreen.storyboard;
			sourceTree = "<group>";
		};
/* End PBXVariantGroup section */

/* Begin XCBuildConfiguration section */
		292BEF07257B95CF00C5A404 /* Debug */ = {
			isa = XCBuildConfiguration;
			buildSettings = {
				ALWAYS_SEARCH_USER_PATHS = NO;
				CLANG_ANALYZER_NONNULL = YES;
				CLANG_ANALYZER_NUMBER_OBJECT_CONVERSION = YES_AGGRESSIVE;
				CLANG_CXX_LANGUAGE_STANDARD = "gnu++14";
				CLANG_CXX_LIBRARY = "libc++";
				CLANG_ENABLE_MODULES = YES;
				CLANG_ENABLE_OBJC_ARC = YES;
				CLANG_ENABLE_OBJC_WEAK = YES;
				CLANG_WARN_BLOCK_CAPTURE_AUTORELEASING = YES;
				CLANG_WARN_BOOL_CONVERSION = YES;
				CLANG_WARN_COMMA = YES;
				CLANG_WARN_CONSTANT_CONVERSION = YES;
				CLANG_WARN_DEPRECATED_OBJC_IMPLEMENTATIONS = YES;
				CLANG_WARN_DIRECT_OBJC_ISA_USAGE = YES_ERROR;
				CLANG_WARN_DOCUMENTATION_COMMENTS = YES;
				CLANG_WARN_EMPTY_BODY = YES;
				CLANG_WARN_ENUM_CONVERSION = YES;
				CLANG_WARN_INFINITE_RECURSION = YES;
				CLANG_WARN_INT_CONVERSION = YES;
				CLANG_WARN_NON_LITERAL_NULL_CONVERSION = YES;
				CLANG_WARN_OBJC_IMPLICIT_RETAIN_SELF = YES;
				CLANG_WARN_OBJC_LITERAL_CONVERSION = YES;
				CLANG_WARN_OBJC_ROOT_CLASS = YES_ERROR;
				CLANG_WARN_QUOTED_INCLUDE_IN_FRAMEWORK_HEADER = YES;
				CLANG_WARN_RANGE_LOOP_ANALYSIS = YES;
				CLANG_WARN_STRICT_PROTOTYPES = YES;
				CLANG_WARN_SUSPICIOUS_MOVE = YES;
				CLANG_WARN_UNGUARDED_AVAILABILITY = YES_AGGRESSIVE;
				CLANG_WARN_UNREACHABLE_CODE = YES;
				CLANG_WARN__DUPLICATE_METHOD_MATCH = YES;
				COPY_PHASE_STRIP = NO;
				DEBUG_INFORMATION_FORMAT = dwarf;
				ENABLE_STRICT_OBJC_MSGSEND = YES;
				ENABLE_TESTABILITY = YES;
				GCC_C_LANGUAGE_STANDARD = gnu11;
				GCC_DYNAMIC_NO_PIC = NO;
				GCC_NO_COMMON_BLOCKS = YES;
				GCC_OPTIMIZATION_LEVEL = 0;
				GCC_PREPROCESSOR_DEFINITIONS = (
					"DEBUG=1",
					"$(inherited)",
				);
				GCC_WARN_64_TO_32_BIT_CONVERSION = YES;
				GCC_WARN_ABOUT_RETURN_TYPE = YES_ERROR;
				GCC_WARN_UNDECLARED_SELECTOR = YES;
				GCC_WARN_UNINITIALIZED_AUTOS = YES_AGGRESSIVE;
				GCC_WARN_UNUSED_FUNCTION = YES;
				GCC_WARN_UNUSED_VARIABLE = YES;
				IPHONEOS_DEPLOYMENT_TARGET = 14.2;
				MTL_ENABLE_DEBUG_INFO = INCLUDE_SOURCE;
				MTL_FAST_MATH = YES;
				ONLY_ACTIVE_ARCH = YES;
				SDKROOT = iphoneos;
				SWIFT_ACTIVE_COMPILATION_CONDITIONS = DEBUG;
				SWIFT_OPTIMIZATION_LEVEL = "-Onone";
			};
			name = Debug;
		};
		292BEF08257B95CF00C5A404 /* Release */ = {
			isa = XCBuildConfiguration;
			buildSettings = {
				ALWAYS_SEARCH_USER_PATHS = NO;
				CLANG_ANALYZER_NONNULL = YES;
				CLANG_ANALYZER_NUMBER_OBJECT_CONVERSION = YES_AGGRESSIVE;
				CLANG_CXX_LANGUAGE_STANDARD = "gnu++14";
				CLANG_CXX_LIBRARY = "libc++";
				CLANG_ENABLE_MODULES = YES;
				CLANG_ENABLE_OBJC_ARC = YES;
				CLANG_ENABLE_OBJC_WEAK = YES;
				CLANG_WARN_BLOCK_CAPTURE_AUTORELEASING = YES;
				CLANG_WARN_BOOL_CONVERSION = YES;
				CLANG_WARN_COMMA = YES;
				CLANG_WARN_CONSTANT_CONVERSION = YES;
				CLANG_WARN_DEPRECATED_OBJC_IMPLEMENTATIONS = YES;
				CLANG_WARN_DIRECT_OBJC_ISA_USAGE = YES_ERROR;
				CLANG_WARN_DOCUMENTATION_COMMENTS = YES;
				CLANG_WARN_EMPTY_BODY = YES;
				CLANG_WARN_ENUM_CONVERSION = YES;
				CLANG_WARN_INFINITE_RECURSION = YES;
				CLANG_WARN_INT_CONVERSION = YES;
				CLANG_WARN_NON_LITERAL_NULL_CONVERSION = YES;
				CLANG_WARN_OBJC_IMPLICIT_RETAIN_SELF = YES;
				CLANG_WARN_OBJC_LITERAL_CONVERSION = YES;
				CLANG_WARN_OBJC_ROOT_CLASS = YES_ERROR;
				CLANG_WARN_QUOTED_INCLUDE_IN_FRAMEWORK_HEADER = YES;
				CLANG_WARN_RANGE_LOOP_ANALYSIS = YES;
				CLANG_WARN_STRICT_PROTOTYPES = YES;
				CLANG_WARN_SUSPICIOUS_MOVE = YES;
				CLANG_WARN_UNGUARDED_AVAILABILITY = YES_AGGRESSIVE;
				CLANG_WARN_UNREACHABLE_CODE = YES;
				CLANG_WARN__DUPLICATE_METHOD_MATCH = YES;
				COPY_PHASE_STRIP = NO;
				DEBUG_INFORMATION_FORMAT = "dwarf-with-dsym";
				ENABLE_NS_ASSERTIONS = NO;
				ENABLE_STRICT_OBJC_MSGSEND = YES;
				GCC_C_LANGUAGE_STANDARD = gnu11;
				GCC_NO_COMMON_BLOCKS = YES;
				GCC_WARN_64_TO_32_BIT_CONVERSION = YES;
				GCC_WARN_ABOUT_RETURN_TYPE = YES_ERROR;
				GCC_WARN_UNDECLARED_SELECTOR = YES;
				GCC_WARN_UNINITIALIZED_AUTOS = YES_AGGRESSIVE;
				GCC_WARN_UNUSED_FUNCTION = YES;
				GCC_WARN_UNUSED_VARIABLE = YES;
				IPHONEOS_DEPLOYMENT_TARGET = 14.2;
				MTL_ENABLE_DEBUG_INFO = NO;
				MTL_FAST_MATH = YES;
				SDKROOT = iphoneos;
				SWIFT_COMPILATION_MODE = wholemodule;
				SWIFT_OPTIMIZATION_LEVEL = "-O";
				VALIDATE_PRODUCT = YES;
			};
			name = Release;
		};
		292BEF0A257B95CF00C5A404 /* Debug */ = {
			isa = XCBuildConfiguration;
			baseConfigurationReference = 9FCDC54EA969D5DB435DFA10 /* Pods-ToDoList.debug.xcconfig */;
			buildSettings = {
				ASSETCATALOG_COMPILER_APPICON_NAME = AppIcon;
				ASSETCATALOG_COMPILER_GLOBAL_ACCENT_COLOR_NAME = AccentColor;
				CODE_SIGN_STYLE = Automatic;
				INFOPLIST_FILE = ToDoList/Info.plist;
				IPHONEOS_DEPLOYMENT_TARGET = 13.2;
				LD_RUNPATH_SEARCH_PATHS = (
					"$(inherited)",
					"@executable_path/Frameworks",
				);
				PRODUCT_BUNDLE_IDENTIFIER = com.Mo.ToDoList;
				PRODUCT_NAME = "$(TARGET_NAME)";
				SWIFT_VERSION = 5.0;
				TARGETED_DEVICE_FAMILY = "1,2";
			};
			name = Debug;
		};
		292BEF0B257B95CF00C5A404 /* Release */ = {
			isa = XCBuildConfiguration;
			baseConfigurationReference = 3D452A9553C127101E720638 /* Pods-ToDoList.release.xcconfig */;
			buildSettings = {
				ASSETCATALOG_COMPILER_APPICON_NAME = AppIcon;
				ASSETCATALOG_COMPILER_GLOBAL_ACCENT_COLOR_NAME = AccentColor;
				CODE_SIGN_STYLE = Automatic;
				INFOPLIST_FILE = ToDoList/Info.plist;
				IPHONEOS_DEPLOYMENT_TARGET = 13.2;
				LD_RUNPATH_SEARCH_PATHS = (
					"$(inherited)",
					"@executable_path/Frameworks",
				);
				PRODUCT_BUNDLE_IDENTIFIER = com.Mo.ToDoList;
				PRODUCT_NAME = "$(TARGET_NAME)";
				SWIFT_VERSION = 5.0;
				TARGETED_DEVICE_FAMILY = "1,2";
			};
			name = Release;
		};
/* End XCBuildConfiguration section */

/* Begin XCConfigurationList section */
		292BEEED257B95BB00C5A404 /* Build configuration list for PBXProject "ToDoList" */ = {
			isa = XCConfigurationList;
			buildConfigurations = (
				292BEF07257B95CF00C5A404 /* Debug */,
				292BEF08257B95CF00C5A404 /* Release */,
			);
			defaultConfigurationIsVisible = 0;
			defaultConfigurationName = Release;
		};
		292BEF09257B95CF00C5A404 /* Build configuration list for PBXNativeTarget "ToDoList" */ = {
			isa = XCConfigurationList;
			buildConfigurations = (
				292BEF0A257B95CF00C5A404 /* Debug */,
				292BEF0B257B95CF00C5A404 /* Release */,
			);
			defaultConfigurationIsVisible = 0;
			defaultConfigurationName = Release;
		};
/* End XCConfigurationList section */

/* Begin XCVersionGroup section */
		292BEEFE257B95BE00C5A404 /* ToDoList.xcdatamodeld */ = {
			isa = XCVersionGroup;
			children = (
				292BEEFF257B95BE00C5A404 /* ToDoList.xcdatamodel */,
			);
			currentVersion = 292BEEFF257B95BE00C5A404 /* ToDoList.xcdatamodel */;
			path = ToDoList.xcdatamodeld;
			sourceTree = "<group>";
			versionGroupType = wrapper.xcdatamodel;
		};
/* End XCVersionGroup section */
	};
	rootObject = 292BEEEA257B95BB00C5A404 /* Project object */;
}
